// !$*UTF8*$!
{
	archiveVersion = 1;
	classes = {
	};
	objectVersion = 77;
	objects = {

/* Begin PBXBuildFile section */
		39AD97E72FEAA3B6002955BB /* AHCard.swift in Sources */ = {isa = PBXBuildFile; fileRef = 39AD97E32FEAA3B6002955BB /* AHCard.swift */; };
		39AD97E82FEAA3B6002955BB /* AHCardDeck.swift in Sources */ = {isa = PBXBuildFile; fileRef = 39AD97E42FEAA3B6002955BB /* AHCardDeck.swift */; };
		39AD97E92FEAA3B6002955BB /* AHKlondike.swift in Sources */ = {isa = PBXBuildFile; fileRef = 39AD97E52FEAA3B6002955BB /* AHKlondike.swift */; };
		39C759D92FEAAD6A0081147A /* cardBack_green5.png in Resources */ = {isa = PBXBuildFile; fileRef = 39C7599C2FEAAD6A0081147A /* cardBack_green5.png */; };
		39C759DA2FEAAD6A0081147A /* cardDiamonds10.png in Resources */ = {isa = PBXBuildFile; fileRef = 39C759B72FEAAD6A0081147A /* cardDiamonds10.png */; };
		39C759DB2FEAAD6A0081147A /* cardHeartsQ.png in Resources */ = {isa = PBXBuildFile; fileRef = 39C759C82FEAAD6A0081147A /* cardHeartsQ.png */; };
		39C759DC2FEAAD6A0081147A /* cardSpades5.png in Resources */ = {isa = PBXBuildFile; fileRef = 39C759CD2FEAAD6A0081147A /* cardSpades5.png */; };
		39C759DD2FEAAD6A0081147A /* cardClubsJ.png in Resources */ = {isa = PBXBuildFile; fileRef = 39C759AC2FEAAD6A0081147A /* cardClubsJ.png */; };
		39C759DE2FEAAD6A0081147A /* cardDiamonds5.png in Resources */ = {isa = PBXBuildFile; fileRef = 39C759B22FEAAD6A0081147A /* cardDiamonds5.png */; };
		39C759DF2FEAAD6A0081147A /* cardDiamondsA.png in Resources */ = {isa = PBXBuildFile; fileRef = 39C759B82FEAAD6A0081147A /* cardDiamondsA.png */; };
		39C759E02FEAAD6A0081147A /* cardClubs2.png in Resources */ = {isa = PBXBuildFile; fileRef = 39C759A22FEAAD6A0081147A /* cardClubs2.png */; };
		39C759E12FEAAD6A0081147A /* cardDiamonds9.png in Resources */ = {isa = PBXBuildFile; fileRef = 39C759B62FEAAD6A0081147A /* cardDiamonds9.png */; };
		39C759E22FEAAD6A0081147A /* cardClubs4.png in Resources */ = {isa = PBXBuildFile; fileRef = 39C759A42FEAAD6A0081147A /* cardClubs4.png */; };
		39C759E32FEAAD6A0081147A /* cardDiamonds4.png in Resources */ = {isa = PBXBuildFile; fileRef = 39C759B12FEAAD6A0081147A /* cardDiamonds4.png */; };
		39C759E42FEAAD6A0081147A /* cardHearts5.png in Resources */ = {isa = PBXBuildFile; fileRef = 39C759BF2FEAAD6A0081147A /* cardHearts5.png */; };
		39C759E52FEAAD6A0081147A /* cardDiamonds7.png in Resources */ = {isa = PBXBuildFile; fileRef = 39C759B42FEAAD6A0081147A /* cardDiamonds7.png */; };
		39C759E62FEAAD6A0081147A /* cardHearts3.png in Resources */ = {isa = PBXBuildFile; fileRef = 39C759BD2FEAAD6A0081147A /* cardHearts3.png */; };
		39C759E72FEAAD6A0081147A /* cardBack_red3.png in Resources */ = {isa = PBXBuildFile; fileRef = 39C7599F2FEAAD6A0081147A /* cardBack_red3.png */; };
		39C759E82FEAAD6A0081147A /* cardJoker.png in Resources */ = {isa = PBXBuildFile; fileRef = 39C759C92FEAAD6A0081147A /* cardJoker.png */; };
		39C759E92FEAAD6A0081147A /* cardClubs8.png in Resources */ = {isa = PBXBuildFile; fileRef = 39C759A82FEAAD6A0081147A /* cardClubs8.png */; };
		39C759EA2FEAAD6A0081147A /* cardSpadesQ.png in Resources */ = {isa = PBXBuildFile; fileRef = 39C759D62FEAAD6A0081147A /* cardSpadesQ.png */; };
		39C759EB2FEAAD6A0081147A /* cardClubs3.png in Resources */ = {isa = PBXBuildFile; fileRef = 39C759A32FEAAD6A0081147A /* cardClubs3.png */; };
		39C759EC2FEAAD6A0081147A /* cardSpades10.png in Resources */ = {isa = PBXBuildFile; fileRef = 39C759D22FEAAD6A0081147A /* cardSpades10.png */; };
		39C759ED2FEAAD6A0081147A /* cardClubs5.png in Resources */ = {isa = PBXBuildFile; fileRef = 39C759A52FEAAD6A0081147A /* cardClubs5.png */; };
		39C759EE2FEAAD6A0081147A /* cardDiamonds6.png in Resources */ = {isa = PBXBuildFile; fileRef = 39C759B32FEAAD6A0081147A /* cardDiamonds6.png */; };
		39C759EF2FEAAD6A0081147A /* cardSpades7.png in Resources */ = {isa = PBXBuildFile; fileRef = 39C759CF2FEAAD6A0081147A /* cardSpades7.png */; };
		39C759F02FEAAD6A0081147A /* cardBack_blue5.png in Resources */ = {isa = PBXBuildFile; fileRef = 39C759972FEAAD6A0081147A /* cardBack_blue5.png */; };
		39C759F12FEAAD6A0081147A /* cardHeartsA.png in Resources */ = {isa = PBXBuildFile; fileRef = 39C759C52FEAAD6A0081147A /* cardHeartsA.png */; };
		39C759F22FEAAD6A0081147A /* cardDiamonds8.png in Resources */ = {isa = PBXBuildFile; fileRef = 39C759B52FEAAD6A0081147A /* cardDiamonds8.png */; };
		39C759F32FEAAD6A0081147A /* cardBack_green2.png in Resources */ = {isa = PBXBuildFile; fileRef = 39C759992FEAAD6A0081147A /* cardBack_green2.png */; };
		39C759F42FEAAD6A0081147A /* cardDiamondsJ.png in Resources */ = {isa = PBXBuildFile; fileRef = 39C759B92FEAAD6A0081147A /* cardDiamondsJ.png */; };
		39C759F52FEAAD6A0081147A /* cardBack_green3.png in Resources */ = {isa = PBXBuildFile; fileRef = 39C7599A2FEAAD6A0081147A /* cardBack_green3.png */; };
		39C759F62FEAAD6A0081147A /* cardBack_blue4.png in Resources */ = {isa = PBXBuildFile; fileRef = 39C759962FEAAD6A0081147A /* cardBack_blue4.png */; };
		39C759F72FEAAD6A0081147A /* cardClubs6.png in Resources */ = {isa = PBXBuildFile; fileRef = 39C759A62FEAAD6A0081147A /* cardClubs6.png */; };
		39C759F82FEAAD6A0081147A /* cardSpades6.png in Resources */ = {isa = PBXBuildFile; fileRef = 39C759CE2FEAAD6A0081147A /* cardSpades6.png */; };
		39C759F92FEAAD6A0081147A /* cardHearts2.png in Resources */ = {isa = PBXBuildFile; fileRef = 39C759BC2FEAAD6A0081147A /* cardHearts2.png */; };
		39C759FA2FEAAD6A0081147A /* cardHearts10.png in Resources */ = {isa = PBXBuildFile; fileRef = 39C759C42FEAAD6A0081147A /* cardHearts10.png */; };
		39C759FB2FEAAD6A0081147A /* cardSpadesK.png in Resources */ = {isa = PBXBuildFile; fileRef = 39C759D52FEAAD6A0081147A /* cardSpadesK.png */; };
		39C759FC2FEAAD6A0081147A /* cardHearts7.png in Resources */ = {isa = PBXBuildFile; fileRef = 39C759C12FEAAD6A0081147A /* cardHearts7.png */; };
		39C759FD2FEAAD6A0081147A /* cardBack_green1.png in Resources */ = {isa = PBXBuildFile; fileRef = 39C759982FEAAD6A0081147A /* cardBack_green1.png */; };
		39C759FE2FEAAD6A0081147A /* cardClubsK.png in Resources */ = {isa = PBXBuildFile; fileRef = 39C759AD2FEAAD6A0081147A /* cardClubsK.png */; };
		39C759FF2FEAAD6A0081147A /* cardBack_red5.png in Resources */ = {isa = PBXBuildFile; fileRef = 39C759A12FEAAD6A0081147A /* cardBack_red5.png */; };
		39C75A002FEAAD6A0081147A /* cardHearts6.png in Resources */ = {isa = PBXBuildFile; fileRef = 39C759C02FEAAD6A0081147A /* cardHearts6.png */; };
		39C75A012FEAAD6A0081147A /* cardBack_blue1.png in Resources */ = {isa = PBXBuildFile; fileRef = 39C759932FEAAD6A0081147A /* cardBack_blue1.png */; };
		39C75A022FEAAD6A0081147A /* cardSpadesA.png in Resources */ = {isa = PBXBuildFile; fileRef = 39C759D32FEAAD6A0081147A /* cardSpadesA.png */; };
		39C75A032FEAAD6A0081147A /* cardDiamondsK.png in Resources */ = {isa = PBXBuildFile; fileRef = 39C759BA2FEAAD6A0081147A /* cardDiamondsK.png */; };
		39C75A042FEAAD6A0081147A /* cardBack_blue3.png in Resources */ = {isa = PBXBuildFile; fileRef = 39C759952FEAAD6A0081147A /* cardBack_blue3.png */; };
		39C75A052FEAAD6A0081147A /* cardClubs10.png in Resources */ = {isa = PBXBuildFile; fileRef = 39C759AA2FEAAD6A0081147A /* cardClubs10.png */; };
		39C75A062FEAAD6A0081147A /* cardSpades9.png in Resources */ = {isa = PBXBuildFile; fileRef = 39C759D12FEAAD6A0081147A /* cardSpades9.png */; };
		39C75A072FEAAD6A0081147A /* cardSpades8.png in Resources */ = {isa = PBXBuildFile; fileRef = 39C759D02FEAAD6A0081147A /* cardSpades8.png */; };
		39C75A082FEAAD6A0081147A /* cardClubs9.png in Resources */ = {isa = PBXBuildFile; fileRef = 39C759A92FEAAD6A0081147A /* cardClubs9.png */; };
		39C75A092FEAAD6A0081147A /* cardClubsQ.png in Resources */ = {isa = PBXBuildFile; fileRef = 39C759AE2FEAAD6A0081147A /* cardClubsQ.png */; };
		39C75A0A2FEAAD6A0081147A /* cardBack_blue2.png in Resources */ = {isa = PBXBuildFile; fileRef = 39C759942FEAAD6A0081147A /* cardBack_blue2.png */; };
		39C75A0B2FEAAD6A0081147A /* cardSpades2.png in Resources */ = {isa = PBXBuildFile; fileRef = 39C759CA2FEAAD6A0081147A /* cardSpades2.png */; };
		39C75A0C2FEAAD6A0081147A /* cardHearts8.png in Resources */ = {isa = PBXBuildFile; fileRef = 39C759C22FEAAD6A0081147A /* cardHearts8.png */; };
		39C75A0D2FEAAD6A0081147A /* cardHeartsK.png in Resources */ = {isa = PBXBuildFile; fileRef = 39C759C72FEAAD6A0081147A /* cardHeartsK.png */; };
		39C75A0E2FEAAD6A0081147A /* cardSpades4.png in Resources */ = {isa = PBXBuildFile; fileRef = 39C759CC2FEAAD6A0081147A /* cardSpades4.png */; };
		39C75A0F2FEAAD6A0081147A /* cardSpadesJ.png in Resources */ = {isa = PBXBuildFile; fileRef = 39C759D42FEAAD6A0081147A /* cardSpadesJ.png */; };
		39C75A102FEAAD6A0081147A /* cardClubsA.png in Resources */ = {isa = PBXBuildFile; fileRef = 39C759AB2FEAAD6A0081147A /* cardClubsA.png */; };
		39C75A112FEAAD6A0081147A /* cardDiamonds3.png in Resources */ = {isa = PBXBuildFile; fileRef = 39C759B02FEAAD6A0081147A /* cardDiamonds3.png */; };
		39C75A122FEAAD6A0081147A /* cardHearts4.png in Resources */ = {isa = PBXBuildFile; fileRef = 39C759BE2FEAAD6A0081147A /* cardHearts4.png */; };
		39C75A132FEAAD6A0081147A /* cardHearts9.png in Resources */ = {isa = PBXBuildFile; fileRef = 39C759C32FEAAD6A0081147A /* cardHearts9.png */; };
		39C75A142FEAAD6A0081147A /* cardHeartsJ.png in Resources */ = {isa = PBXBuildFile; fileRef = 39C759C62FEAAD6A0081147A /* cardHeartsJ.png */; };
		39C75A152FEAAD6A0081147A /* cardBack_red4.png in Resources */ = {isa = PBXBuildFile; fileRef = 39C759A02FEAAD6A0081147A /* cardBack_red4.png */; };
		39C75A162FEAAD6A0081147A /* cardBack_red2.png in Resources */ = {isa = PBXBuildFile; fileRef = 39C7599E2FEAAD6A0081147A /* cardBack_red2.png */; };
		39C75A172FEAAD6A0081147A /* cardDiamondsQ.png in Resources */ = {isa = PBXBuildFile; fileRef = 39C759BB2FEAAD6A0081147A /* cardDiamondsQ.png */; };
		39C75A182FEAAD6A0081147A /* cardBack_green4.png in Resources */ = {isa = PBXBuildFile; fileRef = 39C7599B2FEAAD6A0081147A /* cardBack_green4.png */; };
		39C75A192FEAAD6A0081147A /* cardDiamonds2.png in Resources */ = {isa = PBXBuildFile; fileRef = 39C759AF2FEAAD6A0081147A /* cardDiamonds2.png */; };
		39C75A1A2FEAAD6A0081147A /* cardBack_red1.png in Resources */ = {isa = PBXBuildFile; fileRef = 39C7599D2FEAAD6A0081147A /* cardBack_red1.png */; };
		39C75A1B2FEAAD6A0081147A /* cardSpades3.png in Resources */ = {isa = PBXBuildFile; fileRef = 39C759CB2FEAAD6A0081147A /* cardSpades3.png */; };
		39C75A1C2FEAAD6A0081147A /* playing-card-board-2048x1536.png in Resources */ = {isa = PBXBuildFile; fileRef = 39C759D72FEAAD6A0081147A /* playing-card-board-2048x1536.png */; };
		39C75A1D2FEAAD6A0081147A /* cardClubs7.png in Resources */ = {isa = PBXBuildFile; fileRef = 39C759A72FEAAD6A0081147A /* cardClubs7.png */; };
/* End PBXBuildFile section */

/* Begin PBXFileReference section */
		39AD97CD2FEA7CFB002955BB /* AHCardStudioApp.app */ = {isa = PBXFileReference; explicitFileType = wrapper.application; includeInIndex = 0; path = AHCardStudioApp.app; sourceTree = BUILT_PRODUCTS_DIR; };
		39AD97E32FEAA3B6002955BB /* AHCard.swift */ = {isa = PBXFileReference; lastKnownFileType = sourcecode.swift; path = AHCard.swift; sourceTree = "<group>"; };
		39AD97E42FEAA3B6002955BB /* AHCardDeck.swift */ = {isa = PBXFileReference; lastKnownFileType = sourcecode.swift; path = AHCardDeck.swift; sourceTree = "<group>"; };
		39AD97E52FEAA3B6002955BB /* AHKlondike.swift */ = {isa = PBXFileReference; lastKnownFileType = sourcecode.swift; path = AHKlondike.swift; sourceTree = "<group>"; };
		39C759932FEAAD6A0081147A /* cardBack_blue1.png */ = {isa = PBXFileReference; lastKnownFileType = image.png; path = cardBack_blue1.png; sourceTree = "<group>"; };
		39C759942FEAAD6A0081147A /* cardBack_blue2.png */ = {isa = PBXFileReference; lastKnownFileType = image.png; path = cardBack_blue2.png; sourceTree = "<group>"; };
		39C759952FEAAD6A0081147A /* cardBack_blue3.png */ = {isa = PBXFileReference; lastKnownFileType = image.png; path = cardBack_blue3.png; sourceTree = "<group>"; };
		39C759962FEAAD6A0081147A /* cardBack_blue4.png */ = {isa = PBXFileReference; lastKnownFileType = image.png; path = cardBack_blue4.png; sourceTree = "<group>"; };
		39C759972FEAAD6A0081147A /* cardBack_blue5.png */ = {isa = PBXFileReference; lastKnownFileType = image.png; path = cardBack_blue5.png; sourceTree = "<group>"; };
		39C759982FEAAD6A0081147A /* cardBack_green1.png */ = {isa = PBXFileReference; lastKnownFileType = image.png; path = cardBack_green1.png; sourceTree = "<group>"; };
		39C759992FEAAD6A0081147A /* cardBack_green2.png */ = {isa = PBXFileReference; lastKnownFileType = image.png; path = cardBack_green2.png; sourceTree = "<group>"; };
		39C7599A2FEAAD6A0081147A /* cardBack_green3.png */ = {isa = PBXFileReference; lastKnownFileType = image.png; path = cardBack_green3.png; sourceTree = "<group>"; };
		39C7599B2FEAAD6A0081147A /* cardBack_green4.png */ = {isa = PBXFileReference; lastKnownFileType = image.png; path = cardBack_green4.png; sourceTree = "<group>"; };
		39C7599C2FEAAD6A0081147A /* cardBack_green5.png */ = {isa = PBXFileReference; lastKnownFileType = image.png; path = cardBack_green5.png; sourceTree = "<group>"; };
		39C7599D2FEAAD6A0081147A /* cardBack_red1.png */ = {isa = PBXFileReference; lastKnownFileType = image.png; path = cardBack_red1.png; sourceTree = "<group>"; };
		39C7599E2FEAAD6A0081147A /* cardBack_red2.png */ = {isa = PBXFileReference; lastKnownFileType = image.png; path = cardBack_red2.png; sourceTree = "<group>"; };
		39C7599F2FEAAD6A0081147A /* cardBack_red3.png */ = {isa = PBXFileReference; lastKnownFileType = image.png; path = cardBack_red3.png; sourceTree = "<group>"; };
		39C759A02FEAAD6A0081147A /* cardBack_red4.png */ = {isa = PBXFileReference; lastKnownFileType = image.png; path = cardBack_red4.png; sourceTree = "<group>"; };
		39C759A12FEAAD6A0081147A /* cardBack_red5.png */ = {isa = PBXFileReference; lastKnownFileType = image.png; path = cardBack_red5.png; sourceTree = "<group>"; };
		39C759A22FEAAD6A0081147A /* cardClubs2.png */ = {isa = PBXFileReference; lastKnownFileType = image.png; path = cardClubs2.png; sourceTree = "<group>"; };
		39C759A32FEAAD6A0081147A /* cardClubs3.png */ = {isa = PBXFileReference; lastKnownFileType = image.png; path = cardClubs3.png; sourceTree = "<group>"; };
		39C759A42FEAAD6A0081147A /* cardClubs4.png */ = {isa = PBXFileReference; lastKnownFileType = image.png; path = cardClubs4.png; sourceTree = "<group>"; };
		39C759A52FEAAD6A0081147A /* cardClubs5.png */ = {isa = PBXFileReference; lastKnownFileType = image.png; path = cardClubs5.png; sourceTree = "<group>"; };
		39C759A62FEAAD6A0081147A /* cardClubs6.png */ = {isa = PBXFileReference; lastKnownFileType = image.png; path = cardClubs6.png; sourceTree = "<group>"; };
		39C759A72FEAAD6A0081147A /* cardClubs7.png */ = {isa = PBXFileReference; lastKnownFileType = image.png; path = cardClubs7.png; sourceTree = "<group>"; };
		39C759A82FEAAD6A0081147A /* cardClubs8.png */ = {isa = PBXFileReference; lastKnownFileType = image.png; path = cardClubs8.png; sourceTree = "<group>"; };
		39C759A92FEAAD6A0081147A /* cardClubs9.png */ = {isa = PBXFileReference; lastKnownFileType = image.png; path = cardClubs9.png; sourceTree = "<group>"; };
		39C759AA2FEAAD6A0081147A /* cardClubs10.png */ = {isa = PBXFileReference; lastKnownFileType = image.png; path = cardClubs10.png; sourceTree = "<group>"; };
		39C759AB2FEAAD6A0081147A /* cardClubsA.png */ = {isa = PBXFileReference; lastKnownFileType = image.png; path = cardClubsA.png; sourceTree = "<group>"; };
		39C759AC2FEAAD6A0081147A /* cardClubsJ.png */ = {isa = PBXFileReference; lastKnownFileType = image.png; path = cardClubsJ.png; sourceTree = "<group>"; };
		39C759AD2FEAAD6A0081147A /* cardClubsK.png */ = {isa = PBXFileReference; lastKnownFileType = image.png; path = cardClubsK.png; sourceTree = "<group>"; };
		39C759AE2FEAAD6A0081147A /* cardClubsQ.png */ = {isa = PBXFileReference; lastKnownFileType = image.png; path = cardClubsQ.png; sourceTree = "<group>"; };
		39C759AF2FEAAD6A0081147A /* cardDiamonds2.png */ = {isa = PBXFileReference; lastKnownFileType = image.png; path = cardDiamonds2.png; sourceTree = "<group>"; };
		39C759B02FEAAD6A0081147A /* cardDiamonds3.png */ = {isa = PBXFileReference; lastKnownFileType = image.png; path = cardDiamonds3.png; sourceTree = "<group>"; };
		39C759B12FEAAD6A0081147A /* cardDiamonds4.png */ = {isa = PBXFileReference; lastKnownFileType = image.png; path = cardDiamonds4.png; sourceTree = "<group>"; };
		39C759B22FEAAD6A0081147A /* cardDiamonds5.png */ = {isa = PBXFileReference; lastKnownFileType = image.png; path = cardDiamonds5.png; sourceTree = "<group>"; };
		39C759B32FEAAD6A0081147A /* cardDiamonds6.png */ = {isa = PBXFileReference; lastKnownFileType = image.png; path = cardDiamonds6.png; sourceTree = "<group>"; };
		39C759B42FEAAD6A0081147A /* cardDiamonds7.png */ = {isa = PBXFileReference; lastKnownFileType = image.png; path = cardDiamonds7.png; sourceTree = "<group>"; };
		39C759B52FEAAD6A0081147A /* cardDiamonds8.png */ = {isa = PBXFileReference; lastKnownFileType = image.png; path = cardDiamonds8.png; sourceTree = "<group>"; };
		39C759B62FEAAD6A0081147A /* cardDiamonds9.png */ = {isa = PBXFileReference; lastKnownFileType = image.png; path = cardDiamonds9.png; sourceTree = "<group>"; };
		39C759B72FEAAD6A0081147A /* cardDiamonds10.png */ = {isa = PBXFileReference; lastKnownFileType = image.png; path = cardDiamonds10.png; sourceTree = "<group>"; };
		39C759B82FEAAD6A0081147A /* cardDiamondsA.png */ = {isa = PBXFileReference; lastKnownFileType = image.png; path = cardDiamondsA.png; sourceTree = "<group>"; };
		39C759B92FEAAD6A0081147A /* cardDiamondsJ.png */ = {isa = PBXFileReference; lastKnownFileType = image.png; path = cardDiamondsJ.png; sourceTree = "<group>"; };
		39C759BA2FEAAD6A0081147A /* cardDiamondsK.png */ = {isa = PBXFileReference; lastKnownFileType = image.png; path = cardDiamondsK.png; sourceTree = "<group>"; };
		39C759BB2FEAAD6A0081147A /* cardDiamondsQ.png */ = {isa = PBXFileReference; lastKnownFileType = image.png; path = cardDiamondsQ.png; sourceTree = "<group>"; };
		39C759BC2FEAAD6A0081147A /* cardHearts2.png */ = {isa = PBXFileReference; lastKnownFileType = image.png; path = cardHearts2.png; sourceTree = "<group>"; };
		39C759BD2FEAAD6A0081147A /* cardHearts3.png */ = {isa = PBXFileReference; lastKnownFileType = image.png; path = cardHearts3.png; sourceTree = "<group>"; };
		39C759BE2FEAAD6A0081147A /* cardHearts4.png */ = {isa = PBXFileReference; lastKnownFileType = image.png; path = cardHearts4.png; sourceTree = "<group>"; };
		39C759BF2FEAAD6A0081147A /* cardHearts5.png */ = {isa = PBXFileReference; lastKnownFileType = image.png; path = cardHearts5.png; sourceTree = "<group>"; };
		39C759C02FEAAD6A0081147A /* cardHearts6.png */ = {isa = PBXFileReference; lastKnownFileType = image.png; path = cardHearts6.png; sourceTree = "<group>"; };
		39C759C12FEAAD6A0081147A /* cardHearts7.png */ = {isa = PBXFileReference; lastKnownFileType = image.png; path = cardHearts7.png; sourceTree = "<group>"; };
		39C759C22FEAAD6A0081147A /* cardHearts8.png */ = {isa = PBXFileReference; lastKnownFileType = image.png; path = cardHearts8.png; sourceTree = "<group>"; };
		39C759C32FEAAD6A0081147A /* cardHearts9.png */ = {isa = PBXFileReference; lastKnownFileType = image.png; path = cardHearts9.png; sourceTree = "<group>"; };
		39C759C42FEAAD6A0081147A /* cardHearts10.png */ = {isa = PBXFileReference; lastKnownFileType = image.png; path = cardHearts10.png; sourceTree = "<group>"; };
		39C759C52FEAAD6A0081147A /* cardHeartsA.png */ = {isa = PBXFileReference; lastKnownFileType = image.png; path = cardHeartsA.png; sourceTree = "<group>"; };
		39C759C62FEAAD6A0081147A /* cardHeartsJ.png */ = {isa = PBXFileReference; lastKnownFileType = image.png; path = cardHeartsJ.png; sourceTree = "<group>"; };
		39C759C72FEAAD6A0081147A /* cardHeartsK.png */ = {isa = PBXFileReference; lastKnownFileType = image.png; path = cardHeartsK.png; sourceTree = "<group>"; };
		39C759C82FEAAD6A0081147A /* cardHeartsQ.png */ = {isa = PBXFileReference; lastKnownFileType = image.png; path = cardHeartsQ.png; sourceTree = "<group>"; };
		39C759C92FEAAD6A0081147A /* cardJoker.png */ = {isa = PBXFileReference; lastKnownFileType = image.png; path = cardJoker.png; sourceTree = "<group>"; };
		39C759CA2FEAAD6A0081147A /* cardSpades2.png */ = {isa = PBXFileReference; lastKnownFileType = image.png; path = cardSpades2.png; sourceTree = "<group>"; };
		39C759CB2FEAAD6A0081147A /* cardSpades3.png */ = {isa = PBXFileReference; lastKnownFileType = image.png; path = cardSpades3.png; sourceTree = "<group>"; };
		39C759CC2FEAAD6A0081147A /* cardSpades4.png */ = {isa = PBXFileReference; lastKnownFileType = image.png; path = cardSpades4.png; sourceTree = "<group>"; };
		39C759CD2FEAAD6A0081147A /* cardSpades5.png */ = {isa = PBXFileReference; lastKnownFileType = image.png; path = cardSpades5.png; sourceTree = "<group>"; };
		39C759CE2FEAAD6A0081147A /* cardSpades6.png */ = {isa = PBXFileReference; lastKnownFileType = image.png; path = cardSpades6.png; sourceTree = "<group>"; };
		39C759CF2FEAAD6A0081147A /* cardSpades7.png */ = {isa = PBXFileReference; lastKnownFileType = image.png; path = cardSpades7.png; sourceTree = "<group>"; };
		39C759D02FEAAD6A0081147A /* cardSpades8.png */ = {isa = PBXFileReference; lastKnownFileType = image.png; path = cardSpades8.png; sourceTree = "<group>"; };
		39C759D12FEAAD6A0081147A /* cardSpades9.png */ = {isa = PBXFileReference; lastKnownFileType = image.png; path = cardSpades9.png; sourceTree = "<group>"; };
		39C759D22FEAAD6A0081147A /* cardSpades10.png */ = {isa = PBXFileReference; lastKnownFileType = image.png; path = cardSpades10.png; sourceTree = "<group>"; };
		39C759D32FEAAD6A0081147A /* cardSpadesA.png */ = {isa = PBXFileReference; lastKnownFileType = image.png; path = cardSpadesA.png; sourceTree = "<group>"; };
		39C759D42FEAAD6A0081147A /* cardSpadesJ.png */ = {isa = PBXFileReference; lastKnownFileType = image.png; path = cardSpadesJ.png; sourceTree = "<group>"; };
		39C759D52FEAAD6A0081147A /* cardSpadesK.png */ = {isa = PBXFileReference; lastKnownFileType = image.png; path = cardSpadesK.png; sourceTree = "<group>"; };
		39C759D62FEAAD6A0081147A /* cardSpadesQ.png */ = {isa = PBXFileReference; lastKnownFileType = image.png; path = cardSpadesQ.png; sourceTree = "<group>"; };
		39C759D72FEAAD6A0081147A /* playing-card-board-2048x1536.png */ = {isa = PBXFileReference; lastKnownFileType = image.png; path = "playing-card-board-2048x1536.png"; sourceTree = "<group>"; };
/* End PBXFileReference section */

/* Begin PBXFileSystemSynchronizedRootGroup section */
		39AD97CF2FEA7CFB002955BB /* AHCardStudioApp */ = {
			isa = PBXFileSystemSynchronizedRootGroup;
			path = AHCardStudioApp;
			sourceTree = "<group>";
		};
/* End PBXFileSystemSynchronizedRootGroup section */

/* Begin PBXFrameworksBuildPhase section */
		39AD97CA2FEA7CFB002955BB /* Frameworks */ = {
			isa = PBXFrameworksBuildPhase;
			buildActionMask = 2147483647;
			files = (
			);
			runOnlyForDeploymentPostprocessing = 0;
		};
/* End PBXFrameworksBuildPhase section */

/* Begin PBXGroup section */
		39AD97C42FEA7CFB002955BB = {
			isa = PBXGroup;
			children = (
				39AD97E62FEAA3B6002955BB /* AHCardStudioCore */,
				39C759D82FEAAD6A0081147A /* Assets */,
				39AD97CF2FEA7CFB002955BB /* AHCardStudioApp */,
				39AD97CE2FEA7CFB002955BB /* Products */,
			);
			sourceTree = "<group>";
		};
		39AD97CE2FEA7CFB002955BB /* Products */ = {
			isa = PBXGroup;
			children = (
				39AD97CD2FEA7CFB002955BB /* AHCardStudioApp.app */,
			);
			name = Products;
			sourceTree = "<group>";
		};
		39AD97E62FEAA3B6002955BB /* AHCardStudioCore */ = {
			isa = PBXGroup;
			children = (
				39AD97E32FEAA3B6002955BB /* AHCard.swift */,
				39AD97E42FEAA3B6002955BB /* AHCardDeck.swift */,
				39AD97E52FEAA3B6002955BB /* AHKlondike.swift */,
			);
			name = AHCardStudioCore;
			path = ../AHCardStudioCore;
			sourceTree = SOURCE_ROOT;
		};
		39C759D82FEAAD6A0081147A /* Assets */ = {
			isa = PBXGroup;
			children = (
				39C759932FEAAD6A0081147A /* cardBack_blue1.png */,
				39C759942FEAAD6A0081147A /* cardBack_blue2.png */,
				39C759952FEAAD6A0081147A /* cardBack_blue3.png */,
				39C759962FEAAD6A0081147A /* cardBack_blue4.png */,
				39C759972FEAAD6A0081147A /* cardBack_blue5.png */,
				39C759982FEAAD6A0081147A /* cardBack_green1.png */,
				39C759992FEAAD6A0081147A /* cardBack_green2.png */,
				39C7599A2FEAAD6A0081147A /* cardBack_green3.png */,
				39C7599B2FEAAD6A0081147A /* cardBack_green4.png */,
				39C7599C2FEAAD6A0081147A /* cardBack_green5.png */,
				39C7599D2FEAAD6A0081147A /* cardBack_red1.png */,
				39C7599E2FEAAD6A0081147A /* cardBack_red2.png */,
				39C7599F2FEAAD6A0081147A /* cardBack_red3.png */,
				39C759A02FEAAD6A0081147A /* cardBack_red4.png */,
				39C759A12FEAAD6A0081147A /* cardBack_red5.png */,
				39C759A22FEAAD6A0081147A /* cardClubs2.png */,
				39C759A32FEAAD6A0081147A /* cardClubs3.png */,
				39C759A42FEAAD6A0081147A /* cardClubs4.png */,
				39C759A52FEAAD6A0081147A /* cardClubs5.png */,
				39C759A62FEAAD6A0081147A /* cardClubs6.png */,
				39C759A72FEAAD6A0081147A /* cardClubs7.png */,
				39C759A82FEAAD6A0081147A /* cardClubs8.png */,
				39C759A92FEAAD6A0081147A /* cardClubs9.png */,
				39C759AA2FEAAD6A0081147A /* cardClubs10.png */,
				39C759AB2FEAAD6A0081147A /* cardClubsA.png */,
				39C759AC2FEAAD6A0081147A /* cardClubsJ.png */,
				39C759AD2FEAAD6A0081147A /* cardClubsK.png */,
				39C759AE2FEAAD6A0081147A /* cardClubsQ.png */,
				39C759AF2FEAAD6A0081147A /* cardDiamonds2.png */,
				39C759B02FEAAD6A0081147A /* cardDiamonds3.png */,
				39C759B12FEAAD6A0081147A /* cardDiamonds4.png */,
				39C759B22FEAAD6A0081147A /* cardDiamonds5.png */,
				39C759B32FEAAD6A0081147A /* cardDiamonds6.png */,
				39C759B42FEAAD6A0081147A /* cardDiamonds7.png */,
				39C759B52FEAAD6A0081147A /* cardDiamonds8.png */,
				39C759B62FEAAD6A0081147A /* cardDiamonds9.png */,
				39C759B72FEAAD6A0081147A /* cardDiamonds10.png */,
				39C759B82FEAAD6A0081147A /* cardDiamondsA.png */,
				39C759B92FEAAD6A0081147A /* cardDiamondsJ.png */,
				39C759BA2FEAAD6A0081147A /* cardDiamondsK.png */,
				39C759BB2FEAAD6A0081147A /* cardDiamondsQ.png */,
				39C759BC2FEAAD6A0081147A /* cardHearts2.png */,
				39C759BD2FEAAD6A0081147A /* cardHearts3.png */,
				39C759BE2FEAAD6A0081147A /* cardHearts4.png */,
				39C759BF2FEAAD6A0081147A /* cardHearts5.png */,
				39C759C02FEAAD6A0081147A /* cardHearts6.png */,
				39C759C12FEAAD6A0081147A /* cardHearts7.png */,
				39C759C22FEAAD6A0081147A /* cardHearts8.png */,
				39C759C32FEAAD6A0081147A /* cardHearts9.png */,
				39C759C42FEAAD6A0081147A /* cardHearts10.png */,
				39C759C52FEAAD6A0081147A /* cardHeartsA.png */,
				39C759C62FEAAD6A0081147A /* cardHeartsJ.png */,
				39C759C72FEAAD6A0081147A /* cardHeartsK.png */,
				39C759C82FEAAD6A0081147A /* cardHeartsQ.png */,
				39C759C92FEAAD6A0081147A /* cardJoker.png */,
				39C759CA2FEAAD6A0081147A /* cardSpades2.png */,
				39C759CB2FEAAD6A0081147A /* cardSpades3.png */,
				39C759CC2FEAAD6A0081147A /* cardSpades4.png */,
				39C759CD2FEAAD6A0081147A /* cardSpades5.png */,
				39C759CE2FEAAD6A0081147A /* cardSpades6.png */,
				39C759CF2FEAAD6A0081147A /* cardSpades7.png */,
				39C759D02FEAAD6A0081147A /* cardSpades8.png */,
				39C759D12FEAAD6A0081147A /* cardSpades9.png */,
				39C759D22FEAAD6A0081147A /* cardSpades10.png */,
				39C759D32FEAAD6A0081147A /* cardSpadesA.png */,
				39C759D42FEAAD6A0081147A /* cardSpadesJ.png */,
				39C759D52FEAAD6A0081147A /* cardSpadesK.png */,
				39C759D62FEAAD6A0081147A /* cardSpadesQ.png */,
				39C759D72FEAAD6A0081147A /* playing-card-board-2048x1536.png */,
			);
			name = Assets;
			path = /Users/heibalvin/Github/heibalvin/AHCardStudio/Assets;
			sourceTree = "<absolute>";
		};
/* End PBXGroup section */

/* Begin PBXNativeTarget section */
		39AD97CC2FEA7CFB002955BB /* AHCardStudioApp */ = {
			isa = PBXNativeTarget;
			buildConfigurationList = 39AD97D82FEA7CFC002955BB /* Build configuration list for PBXNativeTarget "AHCardStudioApp" */;
			buildPhases = (
				39AD97C92FEA7CFB002955BB /* Sources */,
				39AD97CA2FEA7CFB002955BB /* Frameworks */,
				39AD97CB2FEA7CFB002955BB /* Resources */,
			);
			buildRules = (
			);
			dependencies = (
			);
			fileSystemSynchronizedGroups = (
				39AD97CF2FEA7CFB002955BB /* AHCardStudioApp */,
			);
			name = AHCardStudioApp;
			packageProductDependencies = (
			);
			productName = AHCardStudioApp;
			productReference = 39AD97CD2FEA7CFB002955BB /* AHCardStudioApp.app */;
			productType = "com.apple.product-type.application";
		};
/* End PBXNativeTarget section */

/* Begin PBXProject section */
		39AD97C52FEA7CFB002955BB /* Project object */ = {
			isa = PBXProject;
			attributes = {
				BuildIndependentTargetsInParallel = 1;
				LastSwiftUpdateCheck = 2640;
				LastUpgradeCheck = 2640;
				TargetAttributes = {
					39AD97CC2FEA7CFB002955BB = {
						CreatedOnToolsVersion = 26.4;
					};
				};
			};
			buildConfigurationList = 39AD97C82FEA7CFB002955BB /* Build configuration list for PBXProject "AHCardStudioApp" */;
			developmentRegion = en;
			hasScannedForEncodings = 0;
			knownRegions = (
				en,
				Base,
			);
			mainGroup = 39AD97C42FEA7CFB002955BB;
			minimizedProjectReferenceProxies = 1;
			preferredProjectObjectVersion = 77;
			productRefGroup = 39AD97CE2FEA7CFB002955BB /* Products */;
			projectDirPath = "";
			projectRoot = "";
			targets = (
				39AD97CC2FEA7CFB002955BB /* AHCardStudioApp */,
			);
		};
/* End PBXProject section */

/* Begin PBXResourcesBuildPhase section */
		39AD97CB2FEA7CFB002955BB /* Resources */ = {
			isa = PBXResourcesBuildPhase;
			buildActionMask = 2147483647;
			files = (
				39C759D92FEAAD6A0081147A /* cardBack_green5.png in Resources */,
				39C759DA2FEAAD6A0081147A /* cardDiamonds10.png in Resources */,
				39C759DB2FEAAD6A0081147A /* cardHeartsQ.png in Resources */,
				39C759DC2FEAAD6A0081147A /* cardSpades5.png in Resources */,
				39C759DD2FEAAD6A0081147A /* cardClubsJ.png in Resources */,
				39C759DE2FEAAD6A0081147A /* cardDiamonds5.png in Resources */,
				39C759DF2FEAAD6A0081147A /* cardDiamondsA.png in Resources */,
				39C759E02FEAAD6A0081147A /* cardClubs2.png in Resources */,
				39C759E12FEAAD6A0081147A /* cardDiamonds9.png in Resources */,
				39C759E22FEAAD6A0081147A /* cardClubs4.png in Resources */,
				39C759E32FEAAD6A0081147A /* cardDiamonds4.png in Resources */,
				39C759E42FEAAD6A0081147A /* cardHearts5.png in Resources */,
				39C759E52FEAAD6A0081147A /* cardDiamonds7.png in Resources */,
				39C759E62FEAAD6A0081147A /* cardHearts3.png in Resources */,
				39C759E72FEAAD6A0081147A /* cardBack_red3.png in Resources */,
				39C759E82FEAAD6A0081147A /* cardJoker.png in Resources */,
				39C759E92FEAAD6A0081147A /* cardClubs8.png in Resources */,
				39C759EA2FEAAD6A0081147A /* cardSpadesQ.png in Resources */,
				39C759EB2FEAAD6A0081147A /* cardClubs3.png in Resources */,
				39C759EC2FEAAD6A0081147A /* cardSpades10.png in Resources */,
				39C759ED2FEAAD6A0081147A /* cardClubs5.png in Resources */,
				39C759EE2FEAAD6A0081147A /* cardDiamonds6.png in Resources */,
				39C759EF2FEAAD6A0081147A /* cardSpades7.png in Resources */,
				39C759F02FEAAD6A0081147A /* cardBack_blue5.png in Resources */,
				39C759F12FEAAD6A0081147A /* cardHeartsA.png in Resources */,
				39C759F22FEAAD6A0081147A /* cardDiamonds8.png in Resources */,
				39C759F32FEAAD6A0081147A /* cardBack_green2.png in Resources */,
				39C759F42FEAAD6A0081147A /* cardDiamondsJ.png in Resources */,
				39C759F52FEAAD6A0081147A /* cardBack_green3.png in Resources */,
				39C759F62FEAAD6A0081147A /* cardBack_blue4.png in Resources */,
				39C759F72FEAAD6A0081147A /* cardClubs6.png in Resources */,
				39C759F82FEAAD6A0081147A /* cardSpades6.png in Resources */,
				39C759F92FEAAD6A0081147A /* cardHearts2.png in Resources */,
				39C759FA2FEAAD6A0081147A /* cardHearts10.png in Resources */,
				39C759FB2FEAAD6A0081147A /* cardSpadesK.png in Resources */,
				39C759FC2FEAAD6A0081147A /* cardHearts7.png in Resources */,
				39C759FD2FEAAD6A0081147A /* cardBack_green1.png in Resources */,
				39C759FE2FEAAD6A0081147A /* cardClubsK.png in Resources */,
				39C759FF2FEAAD6A0081147A /* cardBack_red5.png in Resources */,
				39C75A002FEAAD6A0081147A /* cardHearts6.png in Resources */,
				39C75A012FEAAD6A0081147A /* cardBack_blue1.png in Resources */,
				39C75A022FEAAD6A0081147A /* cardSpadesA.png in Resources */,
				39C75A032FEAAD6A0081147A /* cardDiamondsK.png in Resources */,
				39C75A042FEAAD6A0081147A /* cardBack_blue3.png in Resources */,
				39C75A052FEAAD6A0081147A /* cardClubs10.png in Resources */,
				39C75A062FEAAD6A0081147A /* cardSpades9.png in Resources */,
				39C75A072FEAAD6A0081147A /* cardSpades8.png in Resources */,
				39C75A082FEAAD6A0081147A /* cardClubs9.png in Resources */,
				39C75A092FEAAD6A0081147A /* cardClubsQ.png in Resources */,
				39C75A0A2FEAAD6A0081147A /* cardBack_blue2.png in Resources */,
				39C75A0B2FEAAD6A0081147A /* cardSpades2.png in Resources */,
				39C75A0C2FEAAD6A0081147A /* cardHearts8.png in Resources */,
				39C75A0D2FEAAD6A0081147A /* cardHeartsK.png in Resources */,
				39C75A0E2FEAAD6A0081147A /* cardSpades4.png in Resources */,
				39C75A0F2FEAAD6A0081147A /* cardSpadesJ.png in Resources */,
				39C75A102FEAAD6A0081147A /* cardClubsA.png in Resources */,
				39C75A112FEAAD6A0081147A /* cardDiamonds3.png in Resources */,
				39C75A122FEAAD6A0081147A /* cardHearts4.png in Resources */,
				39C75A132FEAAD6A0081147A /* cardHearts9.png in Resources */,
				39C75A142FEAAD6A0081147A /* cardHeartsJ.png in Resources */,
				39C75A152FEAAD6A0081147A /* cardBack_red4.png in Resources */,
				39C75A162FEAAD6A0081147A /* cardBack_red2.png in Resources */,
				39C75A172FEAAD6A0081147A /* cardDiamondsQ.png in Resources */,
				39C75A182FEAAD6A0081147A /* cardBack_green4.png in Resources */,
				39C75A192FEAAD6A0081147A /* cardDiamonds2.png in Resources */,
				39C75A1A2FEAAD6A0081147A /* cardBack_red1.png in Resources */,
				39C75A1B2FEAAD6A0081147A /* cardSpades3.png in Resources */,
				39C75A1C2FEAAD6A0081147A /* playing-card-board-2048x1536.png in Resources */,
				39C75A1D2FEAAD6A0081147A /* cardClubs7.png in Resources */,
			);
			runOnlyForDeploymentPostprocessing = 0;
		};
/* End PBXResourcesBuildPhase section */

/* Begin PBXSourcesBuildPhase section */
		39AD97C92FEA7CFB002955BB /* Sources */ = {
			isa = PBXSourcesBuildPhase;
			buildActionMask = 2147483647;
			files = (
				39AD97E72FEAA3B6002955BB /* AHCard.swift in Sources */,
				39AD97E82FEAA3B6002955BB /* AHCardDeck.swift in Sources */,
				39AD97E92FEAA3B6002955BB /* AHKlondike.swift in Sources */,
			);
			runOnlyForDeploymentPostprocessing = 0;
		};
/* End PBXSourcesBuildPhase section */

/* Begin XCBuildConfiguration section */
		39AD97D62FEA7CFC002955BB /* Debug */ = {
			isa = XCBuildConfiguration;
			buildSettings = {
				ALWAYS_SEARCH_USER_PATHS = NO;
				ASSETCATALOG_COMPILER_GENERATE_SWIFT_ASSET_SYMBOL_EXTENSIONS = YES;
				CLANG_ANALYZER_NONNULL = YES;
				CLANG_ANALYZER_NUMBER_OBJECT_CONVERSION = YES_AGGRESSIVE;
				CLANG_CXX_LANGUAGE_STANDARD = "gnu++20";
				CLANG_ENABLE_MODULES = YES;
				CLANG_ENABLE_OBJC_ARC = YES;
				CLANG_ENABLE_OBJC_WEAK = YES;
				CLANG_WARN_BLOCK_CAPTURE_AUTORELEASING = YES;
				CLANG_WARN_BOOL_CONVERSION = YES;
				CLANG_WARN_COMMA = YES;
				CLANG_WARN_CONSTANT_CONVERSION = YES;
				CLANG_WARN_DEPRECATED_OBJC_IMPLEMENTATIONS = YES;
				CLANG_WARN_DIRECT_OBJC_ISA_USAGE = YES_ERROR;
				CLANG_WARN_DOCUMENTATION_COMMENTS = YES;
				CLANG_WARN_EMPTY_BODY = YES;
				CLANG_WARN_ENUM_CONVERSION = YES;
				CLANG_WARN_INFINITE_RECURSION = YES;
				CLANG_WARN_INT_CONVERSION = YES;
				CLANG_WARN_NON_LITERAL_NULL_CONVERSION = YES;
				CLANG_WARN_OBJC_IMPLICIT_RETAIN_SELF = YES;
				CLANG_WARN_OBJC_LITERAL_CONVERSION = YES;
				CLANG_WARN_OBJC_ROOT_CLASS = YES_ERROR;
				CLANG_WARN_QUOTED_INCLUDE_IN_FRAMEWORK_HEADER = YES;
				CLANG_WARN_RANGE_LOOP_ANALYSIS = YES;
				CLANG_WARN_STRICT_PROTOTYPES = YES;
				CLANG_WARN_SUSPICIOUS_MOVE = YES;
				CLANG_WARN_UNGUARDED_AVAILABILITY = YES_AGGRESSIVE;
				CLANG_WARN_UNREACHABLE_CODE = YES;
				CLANG_WARN__DUPLICATE_METHOD_MATCH = YES;
				COPY_PHASE_STRIP = NO;
				DEBUG_INFORMATION_FORMAT = dwarf;
				DEVELOPMENT_TEAM = 7V6MT62TPQ;
				ENABLE_STRICT_OBJC_MSGSEND = YES;
				ENABLE_TESTABILITY = YES;
				ENABLE_USER_SCRIPT_SANDBOXING = YES;
				GCC_C_LANGUAGE_STANDARD = gnu17;
				GCC_DYNAMIC_NO_PIC = NO;
				GCC_NO_COMMON_BLOCKS = YES;
				GCC_OPTIMIZATION_LEVEL = 0;
				GCC_PREPROCESSOR_DEFINITIONS = (
					"DEBUG=1",
					"$(inherited)",
				);
				GCC_WARN_64_TO_32_BIT_CONVERSION = YES;
				GCC_WARN_ABOUT_RETURN_TYPE = YES_ERROR;
				GCC_WARN_UNDECLARED_SELECTOR = YES;
				GCC_WARN_UNINITIALIZED_AUTOS = YES_AGGRESSIVE;
				GCC_WARN_UNUSED_FUNCTION = YES;
				GCC_WARN_UNUSED_VARIABLE = YES;
				LOCALIZATION_PREFERS_STRING_CATALOGS = YES;
				MTL_ENABLE_DEBUG_INFO = INCLUDE_SOURCE;
				MTL_FAST_MATH = YES;
				ONLY_ACTIVE_ARCH = YES;
				SWIFT_ACTIVE_COMPILATION_CONDITIONS = "DEBUG $(inherited)";
				SWIFT_OPTIMIZATION_LEVEL = "-Onone";
			};
			name = Debug;
		};
		39AD97D72FEA7CFC002955BB /* Release */ = {
			isa = XCBuildConfiguration;
			buildSettings = {
				ALWAYS_SEARCH_USER_PATHS = NO;
				ASSETCATALOG_COMPILER_GENERATE_SWIFT_ASSET_SYMBOL_EXTENSIONS = YES;
				CLANG_ANALYZER_NONNULL = YES;
				CLANG_ANALYZER_NUMBER_OBJECT_CONVERSION = YES_AGGRESSIVE;
				CLANG_CXX_LANGUAGE_STANDARD = "gnu++20";
				CLANG_ENABLE_MODULES = YES;
				CLANG_ENABLE_OBJC_ARC = YES;
				CLANG_ENABLE_OBJC_WEAK = YES;
				CLANG_WARN_BLOCK_CAPTURE_AUTORELEASING = YES;
				CLANG_WARN_BOOL_CONVERSION = YES;
				CLANG_WARN_COMMA = YES;
				CLANG_WARN_CONSTANT_CONVERSION = YES;
				CLANG_WARN_DEPRECATED_OBJC_IMPLEMENTATIONS = YES;
				CLANG_WARN_DIRECT_OBJC_ISA_USAGE = YES_ERROR;
				CLANG_WARN_DOCUMENTATION_COMMENTS = YES;
				CLANG_WARN_EMPTY_BODY = YES;
				CLANG_WARN_ENUM_CONVERSION = YES;
				CLANG_WARN_INFINITE_RECURSION = YES;
				CLANG_WARN_INT_CONVERSION = YES;
				CLANG_WARN_NON_LITERAL_NULL_CONVERSION = YES;
				CLANG_WARN_OBJC_IMPLICIT_RETAIN_SELF = YES;
				CLANG_WARN_OBJC_LITERAL_CONVERSION = YES;
				CLANG_WARN_OBJC_ROOT_CLASS = YES_ERROR;
				CLANG_WARN_QUOTED_INCLUDE_IN_FRAMEWORK_HEADER = YES;
				CLANG_WARN_RANGE_LOOP_ANALYSIS = YES;
				CLANG_WARN_STRICT_PROTOTYPES = YES;
				CLANG_WARN_SUSPICIOUS_MOVE = YES;
				CLANG_WARN_UNGUARDED_AVAILABILITY = YES_AGGRESSIVE;
				CLANG_WARN_UNREACHABLE_CODE = YES;
				CLANG_WARN__DUPLICATE_METHOD_MATCH = YES;
				COPY_PHASE_STRIP = NO;
				DEBUG_INFORMATION_FORMAT = "dwarf-with-dsym";
				DEVELOPMENT_TEAM = 7V6MT62TPQ;
				ENABLE_NS_ASSERTIONS = NO;
				ENABLE_STRICT_OBJC_MSGSEND = YES;
				ENABLE_USER_SCRIPT_SANDBOXING = YES;
				GCC_C_LANGUAGE_STANDARD = gnu17;
				GCC_NO_COMMON_BLOCKS = YES;
				GCC_WARN_64_TO_32_BIT_CONVERSION = YES;
				GCC_WARN_ABOUT_RETURN_TYPE = YES_ERROR;
				GCC_WARN_UNDECLARED_SELECTOR = YES;
				GCC_WARN_UNINITIALIZED_AUTOS = YES_AGGRESSIVE;
				GCC_WARN_UNUSED_FUNCTION = YES;
				GCC_WARN_UNUSED_VARIABLE = YES;
				LOCALIZATION_PREFERS_STRING_CATALOGS = YES;
				MTL_ENABLE_DEBUG_INFO = NO;
				MTL_FAST_MATH = YES;
				SWIFT_COMPILATION_MODE = wholemodule;
			};
			name = Release;
		};
		39AD97D92FEA7CFC002955BB /* Debug */ = {
			isa = XCBuildConfiguration;
			buildSettings = {
				ASSETCATALOG_COMPILER_APPICON_NAME = AppIcon;
				ASSETCATALOG_COMPILER_GLOBAL_ACCENT_COLOR_NAME = AccentColor;
				CODE_SIGN_STYLE = Automatic;
				CURRENT_PROJECT_VERSION = 1;
				DEVELOPMENT_TEAM = 7V6MT62TPQ;
				ENABLE_APP_SANDBOX = YES;
				ENABLE_HARDENED_RUNTIME = YES;
				ENABLE_PREVIEWS = YES;
				ENABLE_USER_SELECTED_FILES = readonly;
				GENERATE_INFOPLIST_FILE = YES;
				"INFOPLIST_KEY_UIApplicationSceneManifest_Generation[sdk=iphoneos*]" = YES;
				"INFOPLIST_KEY_UIApplicationSceneManifest_Generation[sdk=iphonesimulator*]" = YES;
				"INFOPLIST_KEY_UIApplicationSupportsIndirectInputEvents[sdk=iphoneos*]" = YES;
				"INFOPLIST_KEY_UIApplicationSupportsIndirectInputEvents[sdk=iphonesimulator*]" = YES;
				"INFOPLIST_KEY_UILaunchScreen_Generation[sdk=iphoneos*]" = YES;
				"INFOPLIST_KEY_UILaunchScreen_Generation[sdk=iphonesimulator*]" = YES;
				"INFOPLIST_KEY_UIStatusBarStyle[sdk=iphoneos*]" = UIStatusBarStyleDefault;
				"INFOPLIST_KEY_UIStatusBarStyle[sdk=iphonesimulator*]" = UIStatusBarStyleDefault;
				INFOPLIST_KEY_UISupportedInterfaceOrientations_iPad = "UIInterfaceOrientationPortrait UIInterfaceOrientationPortraitUpsideDown UIInterfaceOrientationLandscapeLeft UIInterfaceOrientationLandscapeRight";
				INFOPLIST_KEY_UISupportedInterfaceOrientations_iPhone = "UIInterfaceOrientationPortrait UIInterfaceOrientationLandscapeLeft UIInterfaceOrientationLandscapeRight";
				IPHONEOS_DEPLOYMENT_TARGET = 17.6;
				LD_RUNPATH_SEARCH_PATHS = "@executable_path/Frameworks";
				"LD_RUNPATH_SEARCH_PATHS[sdk=macosx*]" = "@executable_path/../Frameworks";
				MACOSX_DEPLOYMENT_TARGET = 14.6;
				MARKETING_VERSION = 1.0;
				PRODUCT_BUNDLE_IDENTIFIER = "akashatek.retro-gaming.AHCardStudioApp";
				PRODUCT_NAME = "$(TARGET_NAME)";
				REGISTER_APP_GROUPS = YES;
				SDKROOT = auto;
				STRING_CATALOG_GENERATE_SYMBOLS = YES;
				SUPPORTED_PLATFORMS = "iphoneos iphonesimulator macosx xros xrsimulator";
				SWIFT_APPROACHABLE_CONCURRENCY = YES;
				SWIFT_DEFAULT_ACTOR_ISOLATION = MainActor;
				SWIFT_EMIT_LOC_STRINGS = YES;
				SWIFT_UPCOMING_FEATURE_MEMBER_IMPORT_VISIBILITY = YES;
				SWIFT_VERSION = 5.0;
				TARGETED_DEVICE_FAMILY = "1,2,7";
				XROS_DEPLOYMENT_TARGET = 2.6;
			};
			name = Debug;
		};
		39AD97DA2FEA7CFC002955BB /* Release */ = {
			isa = XCBuildConfiguration;
			buildSettings = {
				ASSETCATALOG_COMPILER_APPICON_NAME = AppIcon;
				ASSETCATALOG_COMPILER_GLOBAL_ACCENT_COLOR_NAME = AccentColor;
				CODE_SIGN_STYLE = Automatic;
				CURRENT_PROJECT_VERSION = 1;
				DEVELOPMENT_TEAM = 7V6MT62TPQ;
				ENABLE_APP_SANDBOX = YES;
				ENABLE_HARDENED_RUNTIME = YES;
				ENABLE_PREVIEWS = YES;
				ENABLE_USER_SELECTED_FILES = readonly;
				GENERATE_INFOPLIST_FILE = YES;
				"INFOPLIST_KEY_UIApplicationSceneManifest_Generation[sdk=iphoneos*]" = YES;
				"INFOPLIST_KEY_UIApplicationSceneManifest_Generation[sdk=iphonesimulator*]" = YES;
				"INFOPLIST_KEY_UIApplicationSupportsIndirectInputEvents[sdk=iphoneos*]" = YES;
				"INFOPLIST_KEY_UIApplicationSupportsIndirectInputEvents[sdk=iphonesimulator*]" = YES;
				"INFOPLIST_KEY_UILaunchScreen_Generation[sdk=iphoneos*]" = YES;
				"INFOPLIST_KEY_UILaunchScreen_Generation[sdk=iphonesimulator*]" = YES;
				"INFOPLIST_KEY_UIStatusBarStyle[sdk=iphoneos*]" = UIStatusBarStyleDefault;
				"INFOPLIST_KEY_UIStatusBarStyle[sdk=iphonesimulator*]" = UIStatusBarStyleDefault;
				INFOPLIST_KEY_UISupportedInterfaceOrientations_iPad = "UIInterfaceOrientationPortrait UIInterfaceOrientationPortraitUpsideDown UIInterfaceOrientationLandscapeLeft UIInterfaceOrientationLandscapeRight";
				INFOPLIST_KEY_UISupportedInterfaceOrientations_iPhone = "UIInterfaceOrientationPortrait UIInterfaceOrientationLandscapeLeft UIInterfaceOrientationLandscapeRight";
				IPHONEOS_DEPLOYMENT_TARGET = 17.6;
				LD_RUNPATH_SEARCH_PATHS = "@executable_path/Frameworks";
				"LD_RUNPATH_SEARCH_PATHS[sdk=macosx*]" = "@executable_path/../Frameworks";
				MACOSX_DEPLOYMENT_TARGET = 14.6;
				MARKETING_VERSION = 1.0;
				PRODUCT_BUNDLE_IDENTIFIER = "akashatek.retro-gaming.AHCardStudioApp";
				PRODUCT_NAME = "$(TARGET_NAME)";
				REGISTER_APP_GROUPS = YES;
				SDKROOT = auto;
				STRING_CATALOG_GENERATE_SYMBOLS = YES;
				SUPPORTED_PLATFORMS = "iphoneos iphonesimulator macosx xros xrsimulator";
				SWIFT_APPROACHABLE_CONCURRENCY = YES;
				SWIFT_DEFAULT_ACTOR_ISOLATION = MainActor;
				SWIFT_EMIT_LOC_STRINGS = YES;
				SWIFT_UPCOMING_FEATURE_MEMBER_IMPORT_VISIBILITY = YES;
				SWIFT_VERSION = 5.0;
				TARGETED_DEVICE_FAMILY = "1,2,7";
				XROS_DEPLOYMENT_TARGET = 2.6;
			};
			name = Release;
		};
/* End XCBuildConfiguration section */

/* Begin XCConfigurationList section */
		39AD97C82FEA7CFB002955BB /* Build configuration list for PBXProject "AHCardStudioApp" */ = {
			isa = XCConfigurationList;
			buildConfigurations = (
				39AD97D62FEA7CFC002955BB /* Debug */,
				39AD97D72FEA7CFC002955BB /* Release */,
			);
			defaultConfigurationIsVisible = 0;
			defaultConfigurationName = Release;
		};
		39AD97D82FEA7CFC002955BB /* Build configuration list for PBXNativeTarget "AHCardStudioApp" */ = {
			isa = XCConfigurationList;
			buildConfigurations = (
				39AD97D92FEA7CFC002955BB /* Debug */,
				39AD97DA2FEA7CFC002955BB /* Release */,
			);
			defaultConfigurationIsVisible = 0;
			defaultConfigurationName = Release;
		};
/* End XCConfigurationList section */
	};
	rootObject = 39AD97C52FEA7CFB002955BB /* Project object */;
}
